{
  "name": "gridflow",
  "lockfileVersion": 3,
  "requires": true,
  "packages": {
    "": {
      "dependencies": {
        "dexie": "^4.0.11",
        "dexie-cloud-addon": "^4.0.12"
      }
    },
    "node_modules/dexie": {
      "version": "4.0.11",
      "resolved": "https://registry.npmjs.org/dexie/-/dexie-4.0.11.tgz",
      "integrity": "sha512-SOKO002EqlvBYYKQSew3iymBoN2EQ4BDw/3yprjh7kAfFzjBYkaMNa/pZvcA7HSWlcKSQb9XhPe3wKyQ0x4A8A==",
      "license": "Apache-2.0"
    },
    "node_modules/dexie-cloud-addon": {
      "version": "4.0.12",
      "resolved": "https://registry.npmjs.org/dexie-cloud-addon/-/dexie-cloud-addon-4.0.12.tgz",
      "integrity": "sha512-zoaT0QTSujonhBa6iTnHhRt+Mdr3ka7FS6q51V32G278ul5KANMGH7rq9lxHxBbVshujPkMO7ekUCM6lDLoosw==",
      "license": "Apache-2.0",
      "dependencies": {
        "dexie-cloud-common": "^1.0.31",
        "rxjs": "^7.x"
      },
      "engines": {
        "node": ">=14"
      },
      "peerDependencies": {
        "dexie": "^4.0.11"
      }
    },
    "node_modules/dexie-cloud-common": {
      "version": "1.0.52",
      "resolved": "https://registry.npmjs.org/dexie-cloud-common/-/dexie-cloud-common-1.0.52.tgz",
      "integrity": "sha512-6ZSGZ4eYdWXfXnMvabvLySOlGl1s0UIt4B8V0j51aHvwUfEfcefJuBj41u51iTht7emIHjHNrz8GJmiean+3cQ==",
      "license": "Apache-2.0",
      "dependencies": {
        "lib0": "^0.2.97"
      }
    },
    "node_modules/isomorphic.js": {
      "version": "0.2.5",
      "resolved": "https://registry.npmjs.org/isomorphic.js/-/isomorphic.js-0.2.5.tgz",
      "integrity": "sha512-PIeMbHqMt4DnUP3MA/Flc0HElYjMXArsw1qwJZcm9sqR8mq3l8NYizFMty0pWwE/tzIGH3EKK5+jes5mAr85yw==",
      "license": "MIT",
      "funding": {
        "type": "GitHub Sponsors ❤",
        "url": "https://github.com/sponsors/dmonad"
      }
    },
    "node_modules/lib0": {
      "version": "0.2.109",
      "resolved": "https://registry.npmjs.org/lib0/-/lib0-0.2.109.tgz",
      "integrity": "sha512-jP0gbnyW0kwlx1Atc4dcHkBbrVAkdHjuyHxtClUPYla7qCmwIif1qZ6vQeJdR5FrOVdn26HvQT0ko01rgW7/Xw==",
      "license": "MIT",
      "dependencies": {
        "isomorphic.js": "^0.2.4"
      },
      "bin": {
        "0ecdsa-generate-keypair": "bin/0ecdsa-generate-keypair.js",
        "0gentesthtml": "bin/gentesthtml.js",
        "0serve": "bin/0serve.js"
      },
      "engines": {
        "node": ">=16"
      },
      "funding": {
        "type": "GitHub Sponsors ❤",
        "url": "https://github.com/sponsors/dmonad"
      }
    },
    "node_modules/rxjs": {
      "version": "7.8.2",
      "resolved": "https://registry.npmjs.org/rxjs/-/rxjs-7.8.2.tgz",
      "integrity": "sha512-dhKf903U/PQZY6boNNtAGdWbG85WAbjT/1xYoZIC7FAY0yWapOBQVsVrDl58W86//e1VpMNBtRV4MaXfdMySFA==",
      "license": "Apache-2.0",
      "dependencies": {
        "tslib": "^2.1.0"
      }
    },
    "node_modules/tslib": {
      "version": "2.8.1",
      "resolved": "https://registry.npmjs.org/tslib/-/tslib-2.8.1.tgz",
      "integrity": "sha512-oJFu94HQb+KVduSUQL7wnpmqnfmLsOA/nAh6b6EH0wCEoK0/mPeXU6c3wKDV83MkOuHPRHtSXKKU99IBazS/2w==",
      "license": "0BSD"
    }
  }
}
